
Microsoft Visual Studio Solution File, Format Version 12.00
# Visual Studio 15
VisualStudioVersion = 15.0.28307.271
MinimumVisualStudioVersion = 10.0.40219.1
Project("{FAE04EC0-301F-11D3-BF4B-00C04F79EFBC}") = "QuanLyNhaHang", "QuanLyNhaHang\QuanLyNhaHang.csproj", "{CDA551E6-5CC4-4B71-A645-D25E555430EA}"
EndProject
Global
	GlobalSection(SolutionConfigurationPlatforms) = preSolution
		Debug|Any CPU = Debug|Any CPU
		Release|Any CPU = Release|Any CPU
	EndGlobalSection
	GlobalSection(ProjectConfigurationPlatforms) = postSolution
		{CDA551E6-5CC4-4B71-A645-D25E555430EA}.Debug|Any CPU.ActiveCfg = Debug|Any CPU
		{CDA551E6-5CC4-4B71-A645-D25E555430EA}.Debug|Any CPU.Build.0 = Debug|Any CPU
		{CDA551E6-5CC4-4B71-A645-D25E555430EA}.Release|Any CPU.ActiveCfg = Release|Any CPU
		{CDA551E6-5CC4-4B71-A645-D25E555430EA}.Release|Any CPU.Build.0 = Release|Any CPU
	EndGlobalSection
	GlobalSection(SolutionProperties) = preSolution
		HideSolutionNode = FALSE
	EndGlobalSection
	GlobalSection(ExtensibilityGlobals) = postSolution
		SolutionGuid = {77C21F58-E65F-4DD4-A1C0-7F377720BC8F}
	EndGlobalSection
EndGlobal
